
Microsoft Visual Studio Solution File, Format Version 12.00
# 
Project("{FAE04EC0-301F-11D3-BF4B-00C04F79EFBC}") = "Oproto.FluentDynamoDb", "Oproto.FluentDynamoDb\Oproto.FluentDynamoDb.csproj", "{988B3792-D039-496B-99D7-5362FC913AF0}"
EndProject
Project("{FAE04EC0-301F-11D3-BF4B-00C04F79EFBC}") = "Oproto.FluentDynamoDb.UnitTests", "Oproto.FluentDynamoDb.UnitTests\Oproto.FluentDynamoDb.UnitTests.csproj", "{950913A4-B4B1-42B0-97B3-FDBE7B692004}"
EndProject
Project("{FAE04EC0-301F-11D3-BF4B-00C04F79EFBC}") = "Oproto.FluentDynamoDb.SourceGenerator", "Oproto.FluentDynamoDb.SourceGenerator\Oproto.FluentDynamoDb.SourceGenerator.csproj", "{A1B2C3D4-E5F6-7890-ABCD-EF1234567890}"
EndProject
Project("{FAE04EC0-301F-11D3-BF4B-00C04F79EFBC}") = "Oproto.FluentDynamoDb.SourceGenerator.UnitTests", "Oproto.FluentDynamoDb.SourceGenerator.UnitTests\Oproto.FluentDynamoDb.SourceGenerator.UnitTests.csproj", "{B2C3D4E5-F6G7-8901-BCDE-F23456789012}"
EndProject
Project("{FAE04EC0-301F-11D3-BF4B-00C04F79EFBC}") = "Oproto.FluentDynamoDb.FluentResults", "Oproto.FluentDynamoDb.FluentResults\Oproto.FluentDynamoDb.FluentResults.csproj", "{C3D4E5F6-G7H8-9012-CDEF-345678901234}"
EndProject
Project("{FAE04EC0-301F-11D3-BF4B-00C04F79EFBC}") = "Oproto.FluentDynamoDb.FluentResults.UnitTests", "Oproto.FluentDynamoDb.FluentResults.UnitTests\Oproto.FluentDynamoDb.FluentResults.UnitTests.csproj", "{D4E5F6G7-H8I9-0123-DEFG-456789012345}"
EndProject
Project("{FAE04EC0-301F-11D3-BF4B-00C04F79EFBC}") = "Oproto.FluentDynamoDb.BlobStorage.S3", "Oproto.FluentDynamoDb.BlobStorage.S3\Oproto.FluentDynamoDb.BlobStorage.S3.csproj", "{E5F6G7H8-I9J0-1234-EFGH-567890123456}"
EndProject
Project("{2150E333-8FDC-42A3-9474-1A3956D46DE8}") = "Solution Files", "Solution Files", "{9AC1C47E-62C0-406D-863C-E459369CA7E2}"
	ProjectSection(SolutionItems) = preProject
		README.md = README.md
		LICENSE = LICENSE
		compass.yml = compass.yml
	EndProjectSection
EndProject
Project("{FAE04EC0-301F-11D3-BF4B-00C04F79EFBC}") = "Oproto.FluentDynamoDb.BlobStorage.S3.UnitTests", "Oproto.FluentDynamoDb.BlobStorage.S3.UnitTests\Oproto.FluentDynamoDb.BlobStorage.S3.UnitTests.csproj", "{8846EF52-5B56-45A2-B449-D7CD0CAD8180}"
EndProject
Project("{FAE04EC0-301F-11D3-BF4B-00C04F79EFBC}") = "Oproto.FluentDynamoDb.Logging.Extensions.UnitTests", "Oproto.FluentDynamoDb.Logging.Extensions.UnitTests\Oproto.FluentDynamoDb.Logging.Extensions.UnitTests.csproj", "{E24B44AB-6333-4ED0-ACF0-1C4F0FE5FCF6}"
EndProject
Project("{FAE04EC0-301F-11D3-BF4B-00C04F79EFBC}") = "Oproto.FluentDynamoDb.Encryption.Kms", "Oproto.FluentDynamoDb.Encryption.Kms\Oproto.FluentDynamoDb.Encryption.Kms.csproj", "{EF169CFD-1510-4E41-923B-756FAFFF1B7C}"
EndProject
Project("{FAE04EC0-301F-11D3-BF4B-00C04F79EFBC}") = "Oproto.FluentDynamoDb.Attributes.UnitTests", "Oproto.FluentDynamoDb.Attributes.UnitTests\Oproto.FluentDynamoDb.Attributes.UnitTests.csproj", "{8E87C0C5-7C83-4248-A713-6E387D01BE33}"
EndProject
Project("{FAE04EC0-301F-11D3-BF4B-00C04F79EFBC}") = "Oproto.FluentDynamoDb.AotTests", "Oproto.FluentDynamoDb.AotTests\Oproto.FluentDynamoDb.AotTests.csproj", "{724C78A9-1ED7-4CD0-9473-AE47C853A6ED}"
EndProject
Global
	GlobalSection(SolutionConfigurationPlatforms) = preSolution
		Debug|Any CPU = Debug|Any CPU
		Release|Any CPU = Release|Any CPU
	EndGlobalSection
	GlobalSection(ProjectConfigurationPlatforms) = postSolution
		{988B3792-D039-496B-99D7-5362FC913AF0}.Debug|Any CPU.ActiveCfg = Debug|Any CPU
		{988B3792-D039-496B-99D7-5362FC913AF0}.Debug|Any CPU.Build.0 = Debug|Any CPU
		{988B3792-D039-496B-99D7-5362FC913AF0}.Release|Any CPU.ActiveCfg = Release|Any CPU
		{988B3792-D039-496B-99D7-5362FC913AF0}.Release|Any CPU.Build.0 = Release|Any CPU
		{950913A4-B4B1-42B0-97B3-FDBE7B692004}.Debug|Any CPU.ActiveCfg = Debug|Any CPU
		{950913A4-B4B1-42B0-97B3-FDBE7B692004}.Debug|Any CPU.Build.0 = Debug|Any CPU
		{950913A4-B4B1-42B0-97B3-FDBE7B692004}.Release|Any CPU.ActiveCfg = Release|Any CPU
		{950913A4-B4B1-42B0-97B3-FDBE7B692004}.Release|Any CPU.Build.0 = Release|Any CPU
		{A1B2C3D4-E5F6-7890-ABCD-EF1234567890}.Debug|Any CPU.ActiveCfg = Debug|Any CPU
		{A1B2C3D4-E5F6-7890-ABCD-EF1234567890}.Debug|Any CPU.Build.0 = Debug|Any CPU
		{A1B2C3D4-E5F6-7890-ABCD-EF1234567890}.Release|Any CPU.ActiveCfg = Release|Any CPU
		{A1B2C3D4-E5F6-7890-ABCD-EF1234567890}.Release|Any CPU.Build.0 = Release|Any CPU
		{B2C3D4E5-F6G7-8901-BCDE-F23456789012}.Debug|Any CPU.ActiveCfg = Debug|Any CPU
		{B2C3D4E5-F6G7-8901-BCDE-F23456789012}.Debug|Any CPU.Build.0 = Debug|Any CPU
		{B2C3D4E5-F6G7-8901-BCDE-F23456789012}.Release|Any CPU.ActiveCfg = Release|Any CPU
		{B2C3D4E5-F6G7-8901-BCDE-F23456789012}.Release|Any CPU.Build.0 = Release|Any CPU
		{C3D4E5F6-G7H8-9012-CDEF-345678901234}.Debug|Any CPU.ActiveCfg = Debug|Any CPU
		{C3D4E5F6-G7H8-9012-CDEF-345678901234}.Debug|Any CPU.Build.0 = Debug|Any CPU
		{C3D4E5F6-G7H8-9012-CDEF-345678901234}.Release|Any CPU.ActiveCfg = Release|Any CPU
		{C3D4E5F6-G7H8-9012-CDEF-345678901234}.Release|Any CPU.Build.0 = Release|Any CPU
		{D4E5F6G7-H8I9-0123-DEFG-456789012345}.Debug|Any CPU.ActiveCfg = Debug|Any CPU
		{D4E5F6G7-H8I9-0123-DEFG-456789012345}.Debug|Any CPU.Build.0 = Debug|Any CPU
		{D4E5F6G7-H8I9-0123-DEFG-456789012345}.Release|Any CPU.ActiveCfg = Release|Any CPU
		{D4E5F6G7-H8I9-0123-DEFG-456789012345}.Release|Any CPU.Build.0 = Release|Any CPU
		{E5F6G7H8-I9J0-1234-EFGH-567890123456}.Debug|Any CPU.ActiveCfg = Debug|Any CPU
		{E5F6G7H8-I9J0-1234-EFGH-567890123456}.Debug|Any CPU.Build.0 = Debug|Any CPU
		{E5F6G7H8-I9J0-1234-EFGH-567890123456}.Release|Any CPU.ActiveCfg = Release|Any CPU
		{E5F6G7H8-I9J0-1234-EFGH-567890123456}.Release|Any CPU.Build.0 = Release|Any CPU
		{8846EF52-5B56-45A2-B449-D7CD0CAD8180}.Debug|Any CPU.ActiveCfg = Debug|Any CPU
		{8846EF52-5B56-45A2-B449-D7CD0CAD8180}.Debug|Any CPU.Build.0 = Debug|Any CPU
		{8846EF52-5B56-45A2-B449-D7CD0CAD8180}.Release|Any CPU.ActiveCfg = Release|Any CPU
		{8846EF52-5B56-45A2-B449-D7CD0CAD8180}.Release|Any CPU.Build.0 = Release|Any CPU
		{E24B44AB-6333-4ED0-ACF0-1C4F0FE5FCF6}.Debug|Any CPU.ActiveCfg = Debug|Any CPU
		{E24B44AB-6333-4ED0-ACF0-1C4F0FE5FCF6}.Debug|Any CPU.Build.0 = Debug|Any CPU
		{E24B44AB-6333-4ED0-ACF0-1C4F0FE5FCF6}.Release|Any CPU.ActiveCfg = Release|Any CPU
		{E24B44AB-6333-4ED0-ACF0-1C4F0FE5FCF6}.Release|Any CPU.Build.0 = Release|Any CPU
		{EF169CFD-1510-4E41-923B-756FAFFF1B7C}.Debug|Any CPU.ActiveCfg = Debug|Any CPU
		{EF169CFD-1510-4E41-923B-756FAFFF1B7C}.Debug|Any CPU.Build.0 = Debug|Any CPU
		{EF169CFD-1510-4E41-923B-756FAFFF1B7C}.Release|Any CPU.ActiveCfg = Release|Any CPU
		{EF169CFD-1510-4E41-923B-756FAFFF1B7C}.Release|Any CPU.Build.0 = Release|Any CPU
		{8E87C0C5-7C83-4248-A713-6E387D01BE33}.Debug|Any CPU.ActiveCfg = Debug|Any CPU
		{8E87C0C5-7C83-4248-A713-6E387D01BE33}.Debug|Any CPU.Build.0 = Debug|Any CPU
		{8E87C0C5-7C83-4248-A713-6E387D01BE33}.Release|Any CPU.ActiveCfg = Release|Any CPU
		{8E87C0C5-7C83-4248-A713-6E387D01BE33}.Release|Any CPU.Build.0 = Release|Any CPU
		{724C78A9-1ED7-4CD0-9473-AE47C853A6ED}.Debug|Any CPU.ActiveCfg = Debug|Any CPU
		{724C78A9-1ED7-4CD0-9473-AE47C853A6ED}.Debug|Any CPU.Build.0 = Debug|Any CPU
		{724C78A9-1ED7-4CD0-9473-AE47C853A6ED}.Release|Any CPU.ActiveCfg = Release|Any CPU
		{724C78A9-1ED7-4CD0-9473-AE47C853A6ED}.Release|Any CPU.Build.0 = Release|Any CPU
	EndGlobalSection
EndGlobal
