
Microsoft Visual Studio Solution File, Format Version 12.00
#
Project("{FAE04EC0-301F-11D3-BF4B-00C04F79EFBC}") = "Oproto.FluentDynamoDb", "Oproto.FluentDynamoDb\Oproto.FluentDynamoDb.csproj", "{988B3792-D039-496B-99D7-5362FC913AF0}"
EndProject
Project("{FAE04EC0-301F-11D3-BF4B-00C04F79EFBC}") = "Oproto.FluentDynamoDb.UnitTests", "Oproto.FluentDynamoDb.UnitTests\Oproto.FluentDynamoDb.UnitTests.csproj", "{950913A4-B4B1-42B0-97B3-FDBE7B692004}"
EndProject
Project("{FAE04EC0-301F-11D3-BF4B-00C04F79EFBC}") = "Oproto.FluentDynamoDb.SourceGenerator", "Oproto.FluentDynamoDb.SourceGenerator\Oproto.FluentDynamoDb.SourceGenerator.csproj", "{A1B2C3D4-E5F6-7890-ABCD-EF1234567890}"
EndProject
Project("{FAE04EC0-301F-11D3-BF4B-00C04F79EFBC}") = "Oproto.FluentDynamoDb.SourceGenerator.UnitTests", "Oproto.FluentDynamoDb.SourceGenerator.UnitTests\Oproto.FluentDynamoDb.SourceGenerator.UnitTests.csproj", "{00000000-0000-0000-0000-000000000000}"
EndProject
Project("{FAE04EC0-301F-11D3-BF4B-00C04F79EFBC}") = "Oproto.FluentDynamoDb.FluentResults", "Oproto.FluentDynamoDb.FluentResults\Oproto.FluentDynamoDb.FluentResults.csproj", "{00000000-0000-0000-0000-000000000000}"
EndProject
Project("{FAE04EC0-301F-11D3-BF4B-00C04F79EFBC}") = "Oproto.FluentDynamoDb.BlobStorage.S3", "Oproto.FluentDynamoDb.BlobStorage.S3\Oproto.FluentDynamoDb.BlobStorage.S3.csproj", "{00000000-0000-0000-0000-000000000000}"
EndProject
Project("{2150E333-8FDC-42A3-9474-1A3956D46DE8}") = "Solution Files", "Solution Files", "{9AC1C47E-62C0-406D-863C-E459369CA7E2}"
	ProjectSection(SolutionItems) = preProject
		README.md = README.md
		LICENSE = LICENSE
		compass.yml = compass.yml
	EndProjectSection
EndProject
Project("{FAE04EC0-301F-11D3-BF4B-00C04F79EFBC}") = "Oproto.FluentDynamoDb.BlobStorage.S3.UnitTests", "Oproto.FluentDynamoDb.BlobStorage.S3.UnitTests\Oproto.FluentDynamoDb.BlobStorage.S3.UnitTests.csproj", "{8846EF52-5B56-45A2-B449-D7CD0CAD8180}"
EndProject
Project("{FAE04EC0-301F-11D3-BF4B-00C04F79EFBC}") = "Oproto.FluentDynamoDb.Logging.Extensions.UnitTests", "Oproto.FluentDynamoDb.Logging.Extensions.UnitTests\Oproto.FluentDynamoDb.Logging.Extensions.UnitTests.csproj", "{E24B44AB-6333-4ED0-ACF0-1C4F0FE5FCF6}"
EndProject
Project("{FAE04EC0-301F-11D3-BF4B-00C04F79EFBC}") = "Oproto.FluentDynamoDb.Encryption.Kms", "Oproto.FluentDynamoDb.Encryption.Kms\Oproto.FluentDynamoDb.Encryption.Kms.csproj", "{EF169CFD-1510-4E41-923B-756FAFFF1B7C}"
EndProject
Project("{FAE04EC0-301F-11D3-BF4B-00C04F79EFBC}") = "Oproto.FluentDynamoDb.AotTests", "Oproto.FluentDynamoDb.AotTests\Oproto.FluentDynamoDb.AotTests.csproj", "{724C78A9-1ED7-4CD0-9473-AE47C853A6ED}"
EndProject
Project("{FAE04EC0-301F-11D3-BF4B-00C04F79EFBC}") = "Oproto.FluentDynamoDb.Encryption.Kms.UnitTests", "Oproto.FluentDynamoDb.Encryption.Kms.UnitTests\Oproto.FluentDynamoDb.Encryption.Kms.UnitTests.csproj", "{F85977FA-BBC9-437E-A825-DC96D477A18F}"
EndProject
Project("{FAE04EC0-301F-11D3-BF4B-00C04F79EFBC}") = "Oproto.FluentDynamoDb.NewtonsoftJson.UnitTests", "Oproto.FluentDynamoDb.NewtonsoftJson.UnitTests\Oproto.FluentDynamoDb.NewtonsoftJson.UnitTests.csproj", "{C85302B5-80E2-4360-A07D-3538635D3654}"
EndProject
Project("{FAE04EC0-301F-11D3-BF4B-00C04F79EFBC}") = "Oproto.FluentDynamoDb.SystemTextJson.UnitTests", "Oproto.FluentDynamoDb.SystemTextJson.UnitTests\Oproto.FluentDynamoDb.SystemTextJson.UnitTests.csproj", "{D4A00A91-C925-425F-9D87-5C18465457F1}"
EndProject
Project("{FAE04EC0-301F-11D3-BF4B-00C04F79EFBC}") = "Oproto.FluentDynamoDb.FluentResults.UnitTests", "Oproto.FluentDynamoDb.FluentResults.UnitTests\Oproto.FluentDynamoDb.FluentResults.UnitTests.csproj", "{8008239E-BF5C-4CF2-952F-63ED1F15AB34}"
EndProject
Project("{FAE04EC0-301F-11D3-BF4B-00C04F79EFBC}") = "Oproto.FluentDynamoDb.IntegrationTests", "Oproto.FluentDynamoDb.IntegrationTests\Oproto.FluentDynamoDb.IntegrationTests.csproj", "{97BFED65-F8D4-40E4-BF92-F87B3236F318}"
EndProject
Project("{FAE04EC0-301F-11D3-BF4B-00C04F79EFBC}") = "Oproto.FluentDynamoDb.Streams", "Oproto.FluentDynamoDb.Streams\Oproto.FluentDynamoDb.Streams.csproj", "{CC3E6DBC-A835-4A11-B0B6-E92A4C024DBA}"
EndProject
Project("{FAE04EC0-301F-11D3-BF4B-00C04F79EFBC}") = "Oproto.FluentDynamoDb.Streams.UnitTests", "Oproto.FluentDynamoDb.Streams.UnitTests\Oproto.FluentDynamoDb.Streams.UnitTests.csproj", "{C9D1DA86-1C02-41FE-A9CD-B5E95CFF5ED9}"
EndProject
Project("{FAE04EC0-301F-11D3-BF4B-00C04F79EFBC}") = "Oproto.FluentDynamoDb.SystemTextJson", "Oproto.FluentDynamoDb.SystemTextJson\Oproto.FluentDynamoDb.SystemTextJson.csproj", "{FE71FD77-F5A8-4B8A-A419-DCA50E76E957}"
EndProject
Project("{FAE04EC0-301F-11D3-BF4B-00C04F79EFBC}") = "Oproto.FluentDynamoDb.NewtonsoftJson", "Oproto.FluentDynamoDb.NewtonsoftJson\Oproto.FluentDynamoDb.NewtonsoftJson.csproj", "{FCE6625B-F028-4FE5-A905-2BF2BB039783}"
EndProject
Project("{FAE04EC0-301F-11D3-BF4B-00C04F79EFBC}") = "Oproto.FluentDynamoDb.Logging.Extensions", "Oproto.FluentDynamoDb.Logging.Extensions\Oproto.FluentDynamoDb.Logging.Extensions.csproj", "{ADD05CE9-2ACD-47A8-8EC4-A6CE92616900}"
EndProject
Global
	GlobalSection(SolutionConfigurationPlatforms) = preSolution
		Debug|Any CPU = Debug|Any CPU
		Release|Any CPU = Release|Any CPU
	EndGlobalSection
	GlobalSection(ProjectConfigurationPlatforms) = postSolution
		{988B3792-D039-496B-99D7-5362FC913AF0}.Debug|Any CPU.ActiveCfg = Debug|Any CPU
		{988B3792-D039-496B-99D7-5362FC913AF0}.Debug|Any CPU.Build.0 = Debug|Any CPU
		{988B3792-D039-496B-99D7-5362FC913AF0}.Release|Any CPU.ActiveCfg = Release|Any CPU
		{988B3792-D039-496B-99D7-5362FC913AF0}.Release|Any CPU.Build.0 = Release|Any CPU
		{950913A4-B4B1-42B0-97B3-FDBE7B692004}.Debug|Any CPU.ActiveCfg = Debug|Any CPU
		{950913A4-B4B1-42B0-97B3-FDBE7B692004}.Debug|Any CPU.Build.0 = Debug|Any CPU
		{950913A4-B4B1-42B0-97B3-FDBE7B692004}.Release|Any CPU.ActiveCfg = Release|Any CPU
		{950913A4-B4B1-42B0-97B3-FDBE7B692004}.Release|Any CPU.Build.0 = Release|Any CPU
		{A1B2C3D4-E5F6-7890-ABCD-EF1234567890}.Debug|Any CPU.ActiveCfg = Debug|Any CPU
		{A1B2C3D4-E5F6-7890-ABCD-EF1234567890}.Debug|Any CPU.Build.0 = Debug|Any CPU
		{A1B2C3D4-E5F6-7890-ABCD-EF1234567890}.Release|Any CPU.ActiveCfg = Release|Any CPU
		{A1B2C3D4-E5F6-7890-ABCD-EF1234567890}.Release|Any CPU.Build.0 = Release|Any CPU
		{8846EF52-5B56-45A2-B449-D7CD0CAD8180}.Debug|Any CPU.ActiveCfg = Debug|Any CPU
		{8846EF52-5B56-45A2-B449-D7CD0CAD8180}.Debug|Any CPU.Build.0 = Debug|Any CPU
		{8846EF52-5B56-45A2-B449-D7CD0CAD8180}.Release|Any CPU.ActiveCfg = Release|Any CPU
		{8846EF52-5B56-45A2-B449-D7CD0CAD8180}.Release|Any CPU.Build.0 = Release|Any CPU
		{E24B44AB-6333-4ED0-ACF0-1C4F0FE5FCF6}.Debug|Any CPU.ActiveCfg = Debug|Any CPU
		{E24B44AB-6333-4ED0-ACF0-1C4F0FE5FCF6}.Debug|Any CPU.Build.0 = Debug|Any CPU
		{E24B44AB-6333-4ED0-ACF0-1C4F0FE5FCF6}.Release|Any CPU.ActiveCfg = Release|Any CPU
		{E24B44AB-6333-4ED0-ACF0-1C4F0FE5FCF6}.Release|Any CPU.Build.0 = Release|Any CPU
		{EF169CFD-1510-4E41-923B-756FAFFF1B7C}.Debug|Any CPU.ActiveCfg = Debug|Any CPU
		{EF169CFD-1510-4E41-923B-756FAFFF1B7C}.Debug|Any CPU.Build.0 = Debug|Any CPU
		{EF169CFD-1510-4E41-923B-756FAFFF1B7C}.Release|Any CPU.ActiveCfg = Release|Any CPU
		{EF169CFD-1510-4E41-923B-756FAFFF1B7C}.Release|Any CPU.Build.0 = Release|Any CPU
		{724C78A9-1ED7-4CD0-9473-AE47C853A6ED}.Debug|Any CPU.ActiveCfg = Debug|Any CPU
		{724C78A9-1ED7-4CD0-9473-AE47C853A6ED}.Debug|Any CPU.Build.0 = Debug|Any CPU
		{724C78A9-1ED7-4CD0-9473-AE47C853A6ED}.Release|Any CPU.ActiveCfg = Release|Any CPU
		{724C78A9-1ED7-4CD0-9473-AE47C853A6ED}.Release|Any CPU.Build.0 = Release|Any CPU
		{F85977FA-BBC9-437E-A825-DC96D477A18F}.Debug|Any CPU.ActiveCfg = Debug|Any CPU
		{F85977FA-BBC9-437E-A825-DC96D477A18F}.Debug|Any CPU.Build.0 = Debug|Any CPU
		{F85977FA-BBC9-437E-A825-DC96D477A18F}.Release|Any CPU.ActiveCfg = Release|Any CPU
		{F85977FA-BBC9-437E-A825-DC96D477A18F}.Release|Any CPU.Build.0 = Release|Any CPU
		{C85302B5-80E2-4360-A07D-3538635D3654}.Debug|Any CPU.ActiveCfg = Debug|Any CPU
		{C85302B5-80E2-4360-A07D-3538635D3654}.Debug|Any CPU.Build.0 = Debug|Any CPU
		{C85302B5-80E2-4360-A07D-3538635D3654}.Release|Any CPU.ActiveCfg = Release|Any CPU
		{C85302B5-80E2-4360-A07D-3538635D3654}.Release|Any CPU.Build.0 = Release|Any CPU
		{D4A00A91-C925-425F-9D87-5C18465457F1}.Debug|Any CPU.ActiveCfg = Debug|Any CPU
		{D4A00A91-C925-425F-9D87-5C18465457F1}.Debug|Any CPU.Build.0 = Debug|Any CPU
		{D4A00A91-C925-425F-9D87-5C18465457F1}.Release|Any CPU.ActiveCfg = Release|Any CPU
		{D4A00A91-C925-425F-9D87-5C18465457F1}.Release|Any CPU.Build.0 = Release|Any CPU
		{8008239E-BF5C-4CF2-952F-63ED1F15AB34}.Debug|Any CPU.ActiveCfg = Debug|Any CPU
		{8008239E-BF5C-4CF2-952F-63ED1F15AB34}.Debug|Any CPU.Build.0 = Debug|Any CPU
		{8008239E-BF5C-4CF2-952F-63ED1F15AB34}.Release|Any CPU.ActiveCfg = Release|Any CPU
		{8008239E-BF5C-4CF2-952F-63ED1F15AB34}.Release|Any CPU.Build.0 = Release|Any CPU
		{00000000-0000-0000-0000-000000000000}.Debug|Any CPU.ActiveCfg = Debug|Any CPU
		{00000000-0000-0000-0000-000000000000}.Debug|Any CPU.Build.0 = Debug|Any CPU
		{97BFED65-F8D4-40E4-BF92-F87B3236F318}.Debug|Any CPU.ActiveCfg = Debug|Any CPU
		{97BFED65-F8D4-40E4-BF92-F87B3236F318}.Debug|Any CPU.Build.0 = Debug|Any CPU
		{97BFED65-F8D4-40E4-BF92-F87B3236F318}.Release|Any CPU.ActiveCfg = Release|Any CPU
		{97BFED65-F8D4-40E4-BF92-F87B3236F318}.Release|Any CPU.Build.0 = Release|Any CPU
		{CC3E6DBC-A835-4A11-B0B6-E92A4C024DBA}.Debug|Any CPU.ActiveCfg = Debug|Any CPU
		{CC3E6DBC-A835-4A11-B0B6-E92A4C024DBA}.Debug|Any CPU.Build.0 = Debug|Any CPU
		{CC3E6DBC-A835-4A11-B0B6-E92A4C024DBA}.Release|Any CPU.ActiveCfg = Release|Any CPU
		{CC3E6DBC-A835-4A11-B0B6-E92A4C024DBA}.Release|Any CPU.Build.0 = Release|Any CPU
		{C9D1DA86-1C02-41FE-A9CD-B5E95CFF5ED9}.Debug|Any CPU.ActiveCfg = Debug|Any CPU
		{C9D1DA86-1C02-41FE-A9CD-B5E95CFF5ED9}.Debug|Any CPU.Build.0 = Debug|Any CPU
		{C9D1DA86-1C02-41FE-A9CD-B5E95CFF5ED9}.Release|Any CPU.ActiveCfg = Release|Any CPU
		{C9D1DA86-1C02-41FE-A9CD-B5E95CFF5ED9}.Release|Any CPU.Build.0 = Release|Any CPU
		{FE71FD77-F5A8-4B8A-A419-DCA50E76E957}.Debug|Any CPU.ActiveCfg = Debug|Any CPU
		{FE71FD77-F5A8-4B8A-A419-DCA50E76E957}.Debug|Any CPU.Build.0 = Debug|Any CPU
		{FE71FD77-F5A8-4B8A-A419-DCA50E76E957}.Release|Any CPU.ActiveCfg = Release|Any CPU
		{FE71FD77-F5A8-4B8A-A419-DCA50E76E957}.Release|Any CPU.Build.0 = Release|Any CPU
		{E7C19EAF-1FD2-4EDA-A1ED-69A58D1F551D}.Debug|Any CPU.ActiveCfg = Debug|Any CPU
		{E7C19EAF-1FD2-4EDA-A1ED-69A58D1F551D}.Debug|Any CPU.Build.0 = Debug|Any CPU
		{E7C19EAF-1FD2-4EDA-A1ED-69A58D1F551D}.Release|Any CPU.ActiveCfg = Release|Any CPU
		{E7C19EAF-1FD2-4EDA-A1ED-69A58D1F551D}.Release|Any CPU.Build.0 = Release|Any CPU
		{FCE6625B-F028-4FE5-A905-2BF2BB039783}.Debug|Any CPU.ActiveCfg = Debug|Any CPU
		{FCE6625B-F028-4FE5-A905-2BF2BB039783}.Debug|Any CPU.Build.0 = Debug|Any CPU
		{FCE6625B-F028-4FE5-A905-2BF2BB039783}.Release|Any CPU.ActiveCfg = Release|Any CPU
		{FCE6625B-F028-4FE5-A905-2BF2BB039783}.Release|Any CPU.Build.0 = Release|Any CPU
		{ADD05CE9-2ACD-47A8-8EC4-A6CE92616900}.Debug|Any CPU.ActiveCfg = Debug|Any CPU
		{ADD05CE9-2ACD-47A8-8EC4-A6CE92616900}.Debug|Any CPU.Build.0 = Debug|Any CPU
		{ADD05CE9-2ACD-47A8-8EC4-A6CE92616900}.Release|Any CPU.ActiveCfg = Release|Any CPU
		{ADD05CE9-2ACD-47A8-8EC4-A6CE92616900}.Release|Any CPU.Build.0 = Release|Any CPU
	EndGlobalSection
EndGlobal
